
Microsoft Visual Studio Solution File, Format Version 11.00
# Visual Studio 2010
Project("{FAE04EC0-301F-11D3-BF4B-00C04F79EFBC}") = "JUTC Tracker", "JUTC Tracker\JUTC Tracker.csproj", "{B22B0E2F-27EB-47D9-84DF-A2A22AA4F37F}"
EndProject
Global
	GlobalSection(SubversionScc) = preSolution
		Svn-Managed = True
		Manager = AnkhSVN - Subversion Support for Visual Studio
	EndGlobalSection
	GlobalSection(SolutionConfigurationPlatforms) = preSolution
		Debug|Any CPU = Debug|Any CPU
		Release|Any CPU = Release|Any CPU
	EndGlobalSection
	GlobalSection(ProjectConfigurationPlatforms) = postSolution
		{B22B0E2F-27EB-47D9-84DF-A2A22AA4F37F}.Debug|Any CPU.ActiveCfg = Debug|Any CPU
		{B22B0E2F-27EB-47D9-84DF-A2A22AA4F37F}.Debug|Any CPU.Build.0 = Debug|Any CPU
		{B22B0E2F-27EB-47D9-84DF-A2A22AA4F37F}.Release|Any CPU.ActiveCfg = Release|Any CPU
		{B22B0E2F-27EB-47D9-84DF-A2A22AA4F37F}.Release|Any CPU.Build.0 = Release|Any CPU
	EndGlobalSection
	GlobalSection(SolutionProperties) = preSolution
		HideSolutionNode = FALSE
	EndGlobalSection
EndGlobal
